
Microsoft Visual Studio Solution File, Format Version 12.00
# Visual Studio Version 16
VisualStudioVersion = 16.0.31409.214
MinimumVisualStudioVersion = 10.0.40219.1
Project("{9A19103F-16F7-4668-BE54-9A1E7A4F7556}") = "Store.API", "store.api\Store.API.csproj", "{EBD6DDB1-B030-477D-9B59-9E4E8D33A9A4}"
EndProject
Project("{9A19103F-16F7-4668-BE54-9A1E7A4F7556}") = "Store.DAL", "store.dal\Store.DAL.csproj", "{8093448E-19D7-4A8E-99A6-AD88364DF37C}"
EndProject
Project("{FAE04EC0-301F-11D3-BF4B-00C04F79EFBC}") = "Store.Models", "Store.Models\Store.Models.csproj", "{5895EB42-2FAC-4D63-9092-A3065162A424}"
EndProject
Global
	GlobalSection(SolutionConfigurationPlatforms) = preSolution
		Debug|Any CPU = Debug|Any CPU
		Release|Any CPU = Release|Any CPU
	EndGlobalSection
	GlobalSection(ProjectConfigurationPlatforms) = postSolution
		{EBD6DDB1-B030-477D-9B59-9E4E8D33A9A4}.Debug|Any CPU.ActiveCfg = Debug|Any CPU
		{EBD6DDB1-B030-477D-9B59-9E4E8D33A9A4}.Debug|Any CPU.Build.0 = Debug|Any CPU
		{EBD6DDB1-B030-477D-9B59-9E4E8D33A9A4}.Release|Any CPU.ActiveCfg = Release|Any CPU
		{EBD6DDB1-B030-477D-9B59-9E4E8D33A9A4}.Release|Any CPU.Build.0 = Release|Any CPU
		{8093448E-19D7-4A8E-99A6-AD88364DF37C}.Debug|Any CPU.ActiveCfg = Debug|Any CPU
		{8093448E-19D7-4A8E-99A6-AD88364DF37C}.Debug|Any CPU.Build.0 = Debug|Any CPU
		{8093448E-19D7-4A8E-99A6-AD88364DF37C}.Release|Any CPU.ActiveCfg = Release|Any CPU
		{8093448E-19D7-4A8E-99A6-AD88364DF37C}.Release|Any CPU.Build.0 = Release|Any CPU
		{5895EB42-2FAC-4D63-9092-A3065162A424}.Debug|Any CPU.ActiveCfg = Debug|Any CPU
		{5895EB42-2FAC-4D63-9092-A3065162A424}.Debug|Any CPU.Build.0 = Debug|Any CPU
		{5895EB42-2FAC-4D63-9092-A3065162A424}.Release|Any CPU.ActiveCfg = Release|Any CPU
		{5895EB42-2FAC-4D63-9092-A3065162A424}.Release|Any CPU.Build.0 = Release|Any CPU
	EndGlobalSection
	GlobalSection(SolutionProperties) = preSolution
		HideSolutionNode = FALSE
	EndGlobalSection
	GlobalSection(ExtensibilityGlobals) = postSolution
		SolutionGuid = {3B1FE041-0BE4-4D91-B975-3185147E5E35}
	EndGlobalSection
EndGlobal
